
Microsoft Visual Studio Solution File, Format Version 12.00
# Visual Studio 15
Project("{FAE04EC0-301F-11D3-BF4B-00C04F79EFBC}") = "Assembly-CSharp", "Assembly-CSharp.csproj", "{DFA6230F-9023-0261-83B1-7ACF0A338FF9}"
EndProject
Project("{FAE04EC0-301F-11D3-BF4B-00C04F79EFBC}") = "Assembly-CSharp-Editor", "Assembly-CSharp-Editor.csproj", "{65A62BCA-88C5-22D6-3AA5-04EF2D40FBFD}"
EndProject
Global
	GlobalSection(SolutionConfigurationPlatforms) = preSolution
		Debug|Any CPU = Debug|Any CPU
		Release|Any CPU = Release|Any CPU
	EndGlobalSection
	GlobalSection(ProjectConfigurationPlatforms) = postSolution
		{DFA6230F-9023-0261-83B1-7ACF0A338FF9}.Debug|Any CPU.ActiveCfg = Debug|Any CPU
		{DFA6230F-9023-0261-83B1-7ACF0A338FF9}.Debug|Any CPU.Build.0 = Debug|Any CPU
		{DFA6230F-9023-0261-83B1-7ACF0A338FF9}.Release|Any CPU.ActiveCfg = Release|Any CPU
		{DFA6230F-9023-0261-83B1-7ACF0A338FF9}.Release|Any CPU.Build.0 = Release|Any CPU
		{65A62BCA-88C5-22D6-3AA5-04EF2D40FBFD}.Debug|Any CPU.ActiveCfg = Debug|Any CPU
		{65A62BCA-88C5-22D6-3AA5-04EF2D40FBFD}.Debug|Any CPU.Build.0 = Debug|Any CPU
		{65A62BCA-88C5-22D6-3AA5-04EF2D40FBFD}.Release|Any CPU.ActiveCfg = Release|Any CPU
		{65A62BCA-88C5-22D6-3AA5-04EF2D40FBFD}.Release|Any CPU.Build.0 = Release|Any CPU
	EndGlobalSection
	GlobalSection(SolutionProperties) = preSolution
		HideSolutionNode = FALSE
	EndGlobalSection
EndGlobal
